lockfile_version: '1'
generated_at: '2026-05-01T19:27:00.856644+00:00'
apm_version: 0.11.0
dependencies:
- repo_url: anthropics/skills
  host: github.com
  resolved_commit: 5128e1865d670f5d6c9cef000e6dfc4e951fb5b9
  package_type: marketplace_plugin
  deployed_files:
  - .gemini/skills/algorithmic-art
  - .gemini/skills/brand-guidelines
  - .gemini/skills/canvas-design
  - .gemini/skills/claude-api
  - .gemini/skills/doc-coauthoring
  - .gemini/skills/docx
  - .gemini/skills/frontend-design
  - .gemini/skills/internal-comms
  - .gemini/skills/mcp-builder
  - .gemini/skills/pdf
  - .gemini/skills/pptx
  - .gemini/skills/skill-creator
  - .gemini/skills/slack-gif-creator
  - .gemini/skills/theme-factory
  - .gemini/skills/web-artifacts-builder
  - .gemini/skills/webapp-testing
  - .gemini/skills/xlsx
  - .github/skills/algorithmic-art
  - .github/skills/brand-guidelines
  - .github/skills/canvas-design
  - .github/skills/claude-api
  - .github/skills/doc-coauthoring
  - .github/skills/docx
  - .github/skills/frontend-design
  - .github/skills/internal-comms
  - .github/skills/mcp-builder
  - .github/skills/pdf
  - .github/skills/pptx
  - .github/skills/skill-creator
  - .github/skills/slack-gif-creator
  - .github/skills/theme-factory
  - .github/skills/web-artifacts-builder
  - .github/skills/webapp-testing
  - .github/skills/xlsx
  content_hash: sha256:8c65752f6c81ae082421338285ee54904ca684321a612ccf435b9ad5043d7b2a
- repo_url: currents-dev/playwright-best-practices-skill
  host: github.com
  resolved_commit: ef329e7e65149918e1ff0eed2cf7d2e6e6f9eb5b
  package_type: claude_skill
  content_hash: sha256:4a2c8b6165b46914f587131006256040286185918e6ee5903ad070087cdb53bc
- repo_url: jezweb/claude-skills
  host: github.com
  resolved_commit: da3794373cacecf16ac4d26076d481f7934c5b67
  package_type: marketplace_plugin
  content_hash: sha256:1e2f7b8b312551a868948a496bbac916fb2722645aaccfac3b5e4cf23825ba43
- repo_url: vercel-labs/agent-skills
  host: github.com
  resolved_commit: ce3e64e468f8fa09a2d075d102771838061fdac0
  package_type: skill_bundle
  deployed_files:
  - .gemini/skills/composition-patterns
  - .gemini/skills/deploy-to-vercel
  - .gemini/skills/react-best-practices
  - .gemini/skills/react-native-skills
  - .gemini/skills/react-view-transitions
  - .gemini/skills/vercel-cli-with-tokens
  - .gemini/skills/web-design-guidelines
  - .github/skills/composition-patterns
  - .github/skills/deploy-to-vercel
  - .github/skills/react-best-practices
  - .github/skills/react-native-skills
  - .github/skills/react-view-transitions
  - .github/skills/vercel-cli-with-tokens
  - .github/skills/web-design-guidelines
  content_hash: sha256:16706e10751a3b9f9a21299b5a2dde8048658bd3c6f96485c0ac6c4a6701c65c
- repo_url: vercel-labs/skills
  host: github.com
  resolved_commit: 7c0a9af3f8738965b71341712710ac7371089b34
  package_type: skill_bundle
  deployed_files:
  - .gemini/skills/find-skills
  - .github/skills/find-skills
  content_hash: sha256:ea1d36c26f29f0d048f56737307ff6fbd9a97de51deee4ecb7a755c3c0e3a691
